// !$*UTF8*$!
{
	archiveVersion = 1;
	classes = {
	};
	objectVersion = 46;
	objects = {

/* Begin PBXBuildFile section */
		2B38960319AF6F790086E193 /* Molotov_Walking.atlas in Resources */ = {isa = PBXBuildFile; fileRef = 2B38960219AF6F790086E193 /* Molotov_Walking.atlas */; };
		2B43B0D919942F4F00BF05FE /* Foundation.framework in Frameworks */ = {isa = PBXBuildFile; fileRef = 2B43B0D819942F4F00BF05FE /* Foundation.framework */; };
		2B43B0DB19942F4F00BF05FE /* CoreGraphics.framework in Frameworks */ = {isa = PBXBuildFile; fileRef = 2B43B0DA19942F4F00BF05FE /* CoreGraphics.framework */; };
		2B43B0DD19942F4F00BF05FE /* UIKit.framework in Frameworks */ = {isa = PBXBuildFile; fileRef = 2B43B0DC19942F4F00BF05FE /* UIKit.framework */; };
		2B43B0DF19942F4F00BF05FE /* SpriteKit.framework in Frameworks */ = {isa = PBXBuildFile; fileRef = 2B43B0DE19942F4F00BF05FE /* SpriteKit.framework */; };
		2B43B0E519942F4F00BF05FE /* InfoPlist.strings in Resources */ = {isa = PBXBuildFile; fileRef = 2B43B0E319942F4F00BF05FE /* InfoPlist.strings */; };
		2B43B0E719942F4F00BF05FE /* main.m in Sources */ = {isa = PBXBuildFile; fileRef = 2B43B0E619942F4F00BF05FE /* main.m */; };
		2B43B0EB19942F4F00BF05FE /* WVAppDelegate.m in Sources */ = {isa = PBXBuildFile; fileRef = 2B43B0EA19942F4F00BF05FE /* WVAppDelegate.m */; };
		2B43B0EE19942F4F00BF05FE /* Main.storyboard in Resources */ = {isa = PBXBuildFile; fileRef = 2B43B0EC19942F4F00BF05FE /* Main.storyboard */; };
		2B43B0F119942F4F00BF05FE /* WVViewController.m in Sources */ = {isa = PBXBuildFile; fileRef = 2B43B0F019942F4F00BF05FE /* WVViewController.m */; };
		2B43B0F819942F4F00BF05FE /* Images.xcassets in Resources */ = {isa = PBXBuildFile; fileRef = 2B43B0F719942F4F00BF05FE /* Images.xcassets */; };
		2B43B0FF19942F4F00BF05FE /* XCTest.framework in Frameworks */ = {isa = PBXBuildFile; fileRef = 2B43B0FE19942F4F00BF05FE /* XCTest.framework */; };
		2B43B10019942F4F00BF05FE /* Foundation.framework in Frameworks */ = {isa = PBXBuildFile; fileRef = 2B43B0D819942F4F00BF05FE /* Foundation.framework */; };
		2B43B10119942F4F00BF05FE /* UIKit.framework in Frameworks */ = {isa = PBXBuildFile; fileRef = 2B43B0DC19942F4F00BF05FE /* UIKit.framework */; };
		2B43B10919942F4F00BF05FE /* InfoPlist.strings in Resources */ = {isa = PBXBuildFile; fileRef = 2B43B10719942F4F00BF05FE /* InfoPlist.strings */; };
		2B43B10B19942F4F00BF05FE /* MolotovCocktailTests.m in Sources */ = {isa = PBXBuildFile; fileRef = 2B43B10A19942F4F00BF05FE /* MolotovCocktailTests.m */; };
		2B43B11619942FE700BF05FE /* WVTitleScene.m in Sources */ = {isa = PBXBuildFile; fileRef = 2B43B11519942FE700BF05FE /* WVTitleScene.m */; };
		2B43B1191994302200BF05FE /* WVGamePlayScene.m in Sources */ = {isa = PBXBuildFile; fileRef = 2B43B1181994302200BF05FE /* WVGamePlayScene.m */; };
		2B4B113419966409001C38CF /* WVExplosionNode.m in Sources */ = {isa = PBXBuildFile; fileRef = 2B4B113319966409001C38CF /* WVExplosionNode.m */; };
		2B4B113619966481001C38CF /* Boom.atlas in Resources */ = {isa = PBXBuildFile; fileRef = 2B4B113519966481001C38CF /* Boom.atlas */; };
		2B4B113A19973665001C38CF /* WVUtil.m in Sources */ = {isa = PBXBuildFile; fileRef = 2B4B113919973665001C38CF /* WVUtil.m */; };
		2B4B1143199739AD001C38CF /* WVEnemyNode.m in Sources */ = {isa = PBXBuildFile; fileRef = 2B4B1142199739AD001C38CF /* WVEnemyNode.m */; };
		2B4E161919ECE2E300D13EA3 /* WVBossNode.m in Sources */ = {isa = PBXBuildFile; fileRef = 2B4E161819ECE2E300D13EA3 /* WVBossNode.m */; };
		2B4E161F19ECF39800D13EA3 /* WVCustomButton.m in Sources */ = {isa = PBXBuildFile; fileRef = 2B4E161E19ECF39800D13EA3 /* WVCustomButton.m */; };
		2B5B707819AE438B00A690DA /* WVGameOverNode.m in Sources */ = {isa = PBXBuildFile; fileRef = 2B5B707719AE438B00A690DA /* WVGameOverNode.m */; };
		2B748FF119E611E3008CC3B7 /* Astroid.atlas in Resources */ = {isa = PBXBuildFile; fileRef = 2B748FF019E611E3008CC3B7 /* Astroid.atlas */; };
		2B7583921997F8C600BBC6DE /* Sprite.atlas in Resources */ = {isa = PBXBuildFile; fileRef = 2B7583911997F8C600BBC6DE /* Sprite.atlas */; };
		2B7583941997FA0A00BBC6DE /* Debris.atlas in Resources */ = {isa = PBXBuildFile; fileRef = 2B7583931997FA0A00BBC6DE /* Debris.atlas */; };
		2B85C1D819DC51E000C58CFB /* Parse.framework in Frameworks */ = {isa = PBXBuildFile; fileRef = 2B85C1D719DC51E000C58CFB /* Parse.framework */; };
		2B85C1DA19DC520200C58CFB /* AudioToolbox.framework in Frameworks */ = {isa = PBXBuildFile; fileRef = 2B85C1D919DC520200C58CFB /* AudioToolbox.framework */; };
		2B85C1DC19DC520700C58CFB /* CFNetwork.framework in Frameworks */ = {isa = PBXBuildFile; fileRef = 2B85C1DB19DC520700C58CFB /* CFNetwork.framework */; };
		2B85C1DE19DC521500C58CFB /* CoreLocation.framework in Frameworks */ = {isa = PBXBuildFile; fileRef = 2B85C1DD19DC521500C58CFB /* CoreLocation.framework */; };
		2B85C1E019DC522100C58CFB /* libz.dylib in Frameworks */ = {isa = PBXBuildFile; fileRef = 2B85C1DF19DC522100C58CFB /* libz.dylib */; };
		2B85C1E219DC522700C58CFB /* MobileCoreServices.framework in Frameworks */ = {isa = PBXBuildFile; fileRef = 2B85C1E119DC522700C58CFB /* MobileCoreServices.framework */; };
		2B85C1E419DC522D00C58CFB /* QuartzCore.framework in Frameworks */ = {isa = PBXBuildFile; fileRef = 2B85C1E319DC522D00C58CFB /* QuartzCore.framework */; };
		2B85C1E619DC523200C58CFB /* Security.framework in Frameworks */ = {isa = PBXBuildFile; fileRef = 2B85C1E519DC523200C58CFB /* Security.framework */; };
		2B85C1E819DC523600C58CFB /* StoreKit.framework in Frameworks */ = {isa = PBXBuildFile; fileRef = 2B85C1E719DC523600C58CFB /* StoreKit.framework */; };
		2B85C1EA19DC523C00C58CFB /* SystemConfiguration.framework in Frameworks */ = {isa = PBXBuildFile; fileRef = 2B85C1E919DC523C00C58CFB /* SystemConfiguration.framework */; };
		2B85C1EE19DC540B00C58CFB /* Bolts.framework in Frameworks */ = {isa = PBXBuildFile; fileRef = 2B85C1ED19DC540B00C58CFB /* Bolts.framework */; };
		2BB213E4199747F300678607 /* WVGroundNode.m in Sources */ = {isa = PBXBuildFile; fileRef = 2BB213E3199747F300678607 /* WVGroundNode.m */; };
		2BC0E93E199523EA00F8369E /* WVMolotovCocktailNode.m in Sources */ = {isa = PBXBuildFile; fileRef = 2BC0E93D199523EA00F8369E /* WVMolotovCocktailNode.m */; };
		2BC0E94319955F1B00F8369E /* WVMolotovCharacterNode.m in Sources */ = {isa = PBXBuildFile; fileRef = 2BC0E94219955F1B00F8369E /* WVMolotovCharacterNode.m */; };
		2BC7103B19A67E2800879CA6 /* WVHudNode.m in Sources */ = {isa = PBXBuildFile; fileRef = 2BC7103A19A67E2800879CA6 /* WVHudNode.m */; };
		2BD0980919DBBBFF008DE598 /* WVAmmoNode.m in Sources */ = {isa = PBXBuildFile; fileRef = 2BD0980819DBBBFF008DE598 /* WVAmmoNode.m */; };
		2BD211B919AF7CE2006FAFCE /* CoreMotion.framework in Frameworks */ = {isa = PBXBuildFile; fileRef = 2BD211B819AF7CE2006FAFCE /* CoreMotion.framework */; };
/* End PBXBuildFile section */

/* Begin PBXContainerItemProxy section */
		2B43B10219942F4F00BF05FE /* PBXContainerItemProxy */ = {
			isa = PBXContainerItemProxy;
			containerPortal = 2B43B0CD19942F4F00BF05FE /* Project object */;
			proxyType = 1;
			remoteGlobalIDString = 2B43B0D419942F4F00BF05FE;
			remoteInfo = MolotovCocktail;
		};
/* End PBXContainerItemProxy section */

/* Begin PBXFileReference section */
		2B38960219AF6F790086E193 /* Molotov_Walking.atlas */ = {isa = PBXFileReference; lastKnownFileType = folder.skatlas; path = Molotov_Walking.atlas; sourceTree = "<group>"; };
		2B43B0D519942F4F00BF05FE /* MolotovCocktail.app */ = {isa = PBXFileReference; explicitFileType = wrapper.application; includeInIndex = 0; path = MolotovCocktail.app; sourceTree = BUILT_PRODUCTS_DIR; };
		2B43B0D819942F4F00BF05FE /* Foundation.framework */ = {isa = PBXFileReference; lastKnownFileType = wrapper.framework; name = Foundation.framework; path = System/Library/Frameworks/Foundation.framework; sourceTree = SDKROOT; };
		2B43B0DA19942F4F00BF05FE /* CoreGraphics.framework */ = {isa = PBXFileReference; lastKnownFileType = wrapper.framework; name = CoreGraphics.framework; path = System/Library/Frameworks/CoreGraphics.framework; sourceTree = SDKROOT; };
		2B43B0DC19942F4F00BF05FE /* UIKit.framework */ = {isa = PBXFileReference; lastKnownFileType = wrapper.framework; name = UIKit.framework; path = System/Library/Frameworks/UIKit.framework; sourceTree = SDKROOT; };
		2B43B0DE19942F4F00BF05FE /* SpriteKit.framework */ = {isa = PBXFileReference; lastKnownFileType = wrapper.framework; name = SpriteKit.framework; path = System/Library/Frameworks/SpriteKit.framework; sourceTree = SDKROOT; };
		2B43B0E219942F4F00BF05FE /* MolotovCocktail-Info.plist */ = {isa = PBXFileReference; lastKnownFileType = text.plist.xml; path = "MolotovCocktail-Info.plist"; sourceTree = "<group>"; };
		2B43B0E419942F4F00BF05FE /* en */ = {isa = PBXFileReference; lastKnownFileType = text.plist.strings; name = en; path = en.lproj/InfoPlist.strings; sourceTree = "<group>"; };
		2B43B0E619942F4F00BF05FE /* main.m */ = {isa = PBXFileReference; lastKnownFileType = sourcecode.c.objc; path = main.m; sourceTree = "<group>"; };
		2B43B0E819942F4F00BF05FE /* MolotovCocktail-Prefix.pch */ = {isa = PBXFileReference; lastKnownFileType = sourcecode.c.h; path = "MolotovCocktail-Prefix.pch"; sourceTree = "<group>"; };
		2B43B0E919942F4F00BF05FE /* WVAppDelegate.h */ = {isa = PBXFileReference; lastKnownFileType = sourcecode.c.h; path = WVAppDelegate.h; sourceTree = "<group>"; };
		2B43B0EA19942F4F00BF05FE /* WVAppDelegate.m */ = {isa = PBXFileReference; lastKnownFileType = sourcecode.c.objc; path = WVAppDelegate.m; sourceTree = "<group>"; };
		2B43B0ED19942F4F00BF05FE /* Base */ = {isa = PBXFileReference; lastKnownFileType = file.storyboard; name = Base; path = Base.lproj/Main.storyboard; sourceTree = "<group>"; };
		2B43B0EF19942F4F00BF05FE /* WVViewController.h */ = {isa = PBXFileReference; lastKnownFileType = sourcecode.c.h; path = WVViewController.h; sourceTree = "<group>"; };
		2B43B0F019942F4F00BF05FE /* WVViewController.m */ = {isa = PBXFileReference; lastKnownFileType = sourcecode.c.objc; path = WVViewController.m; sourceTree = "<group>"; };
		2B43B0F719942F4F00BF05FE /* Images.xcassets */ = {isa = PBXFileReference; lastKnownFileType = folder.assetcatalog; path = Images.xcassets; sourceTree = "<group>"; };
		2B43B0FD19942F4F00BF05FE /* MolotovCocktailTests.xctest */ = {isa = PBXFileReference; explicitFileType = wrapper.cfbundle; includeInIndex = 0; path = MolotovCocktailTests.xctest; sourceTree = BUILT_PRODUCTS_DIR; };
		2B43B0FE19942F4F00BF05FE /* XCTest.framework */ = {isa = PBXFileReference; lastKnownFileType = wrapper.framework; name = XCTest.framework; path = Library/Frameworks/XCTest.framework; sourceTree = DEVELOPER_DIR; };
		2B43B10619942F4F00BF05FE /* MolotovCocktailTests-Info.plist */ = {isa = PBXFileReference; lastKnownFileType = text.plist.xml; path = "MolotovCocktailTests-Info.plist"; sourceTree = "<group>"; };
		2B43B10819942F4F00BF05FE /* en */ = {isa = PBXFileReference; lastKnownFileType = text.plist.strings; name = en; path = en.lproj/InfoPlist.strings; sourceTree = "<group>"; };
		2B43B10A19942F4F00BF05FE /* MolotovCocktailTests.m */ = {isa = PBXFileReference; lastKnownFileType = sourcecode.c.objc; path = MolotovCocktailTests.m; sourceTree = "<group>"; };
		2B43B11419942FE700BF05FE /* WVTitleScene.h */ = {isa = PBXFileReference; fileEncoding = 4; lastKnownFileType = sourcecode.c.h; path = WVTitleScene.h; sourceTree = "<group>"; };
		2B43B11519942FE700BF05FE /* WVTitleScene.m */ = {isa = PBXFileReference; fileEncoding = 4; lastKnownFileType = sourcecode.c.objc; path = WVTitleScene.m; sourceTree = "<group>"; };
		2B43B1171994302200BF05FE /* WVGamePlayScene.h */ = {isa = PBXFileReference; fileEncoding = 4; lastKnownFileType = sourcecode.c.h; path = WVGamePlayScene.h; sourceTree = "<group>"; };
		2B43B1181994302200BF05FE /* WVGamePlayScene.m */ = {isa = PBXFileReference; fileEncoding = 4; lastKnownFileType = sourcecode.c.objc; path = WVGamePlayScene.m; sourceTree = "<group>"; };
		2B4B113219966409001C38CF /* WVExplosionNode.h */ = {isa = PBXFileReference; fileEncoding = 4; lastKnownFileType = sourcecode.c.h; path = WVExplosionNode.h; sourceTree = "<group>"; };
		2B4B113319966409001C38CF /* WVExplosionNode.m */ = {isa = PBXFileReference; fileEncoding = 4; lastKnownFileType = sourcecode.c.objc; path = WVExplosionNode.m; sourceTree = "<group>"; };
		2B4B113519966481001C38CF /* Boom.atlas */ = {isa = PBXFileReference; lastKnownFileType = folder.skatlas; path = Boom.atlas; sourceTree = "<group>"; };
		2B4B113819973665001C38CF /* WVUtil.h */ = {isa = PBXFileReference; fileEncoding = 4; lastKnownFileType = sourcecode.c.h; name = WVUtil.h; path = ../WVUtil.h; sourceTree = "<group>"; };
		2B4B113919973665001C38CF /* WVUtil.m */ = {isa = PBXFileReference; fileEncoding = 4; lastKnownFileType = sourcecode.c.objc; name = WVUtil.m; path = ../WVUtil.m; sourceTree = "<group>"; };
		2B4B1141199739AD001C38CF /* WVEnemyNode.h */ = {isa = PBXFileReference; fileEncoding = 4; lastKnownFileType = sourcecode.c.h; name = WVEnemyNode.h; path = ../WVEnemyNode.h; sourceTree = "<group>"; };
		2B4B1142199739AD001C38CF /* WVEnemyNode.m */ = {isa = PBXFileReference; fileEncoding = 4; lastKnownFileType = sourcecode.c.objc; name = WVEnemyNode.m; path = ../WVEnemyNode.m; sourceTree = "<group>"; };
		2B4E161719ECE2E300D13EA3 /* WVBossNode.h */ = {isa = PBXFileReference; fileEncoding = 4; lastKnownFileType = sourcecode.c.h; path = WVBossNode.h; sourceTree = "<group>"; };
		2B4E161819ECE2E300D13EA3 /* WVBossNode.m */ = {isa = PBXFileReference; fileEncoding = 4; lastKnownFileType = sourcecode.c.objc; path = WVBossNode.m; sourceTree = "<group>"; };
		2B4E161D19ECF39800D13EA3 /* WVCustomButton.h */ = {isa = PBXFileReference; fileEncoding = 4; lastKnownFileType = sourcecode.c.h; path = WVCustomButton.h; sourceTree = "<group>"; };
		2B4E161E19ECF39800D13EA3 /* WVCustomButton.m */ = {isa = PBXFileReference; fileEncoding = 4; lastKnownFileType = sourcecode.c.objc; path = WVCustomButton.m; sourceTree = "<group>"; };
		2B5B707619AE438B00A690DA /* WVGameOverNode.h */ = {isa = PBXFileReference; fileEncoding = 4; lastKnownFileType = sourcecode.c.h; path = WVGameOverNode.h; sourceTree = "<group>"; };
		2B5B707719AE438B00A690DA /* WVGameOverNode.m */ = {isa = PBXFileReference; fileEncoding = 4; lastKnownFileType = sourcecode.c.objc; path = WVGameOverNode.m; sourceTree = "<group>"; };
		2B748FF019E611E3008CC3B7 /* Astroid.atlas */ = {isa = PBXFileReference; lastKnownFileType = folder.skatlas; path = Astroid.atlas; sourceTree = "<group>"; };
		2B7583911997F8C600BBC6DE /* Sprite.atlas */ = {isa = PBXFileReference; lastKnownFileType = folder.skatlas; path = Sprite.atlas; sourceTree = "<group>"; };
		2B7583931997FA0A00BBC6DE /* Debris.atlas */ = {isa = PBXFileReference; lastKnownFileType = folder.skatlas; path = Debris.atlas; sourceTree = "<group>"; };
		2B85C1D719DC51E000C58CFB /* Parse.framework */ = {isa = PBXFileReference; lastKnownFileType = wrapper.framework; path = Parse.framework; sourceTree = "<group>"; };
		2B85C1D919DC520200C58CFB /* AudioToolbox.framework */ = {isa = PBXFileReference; lastKnownFileType = wrapper.framework; name = AudioToolbox.framework; path = System/Library/Frameworks/AudioToolbox.framework; sourceTree = SDKROOT; };
		2B85C1DB19DC520700C58CFB /* CFNetwork.framework */ = {isa = PBXFileReference; lastKnownFileType = wrapper.framework; name = CFNetwork.framework; path = System/Library/Frameworks/CFNetwork.framework; sourceTree = SDKROOT; };
		2B85C1DD19DC521500C58CFB /* CoreLocation.framework */ = {isa = PBXFileReference; lastKnownFileType = wrapper.framework; name = CoreLocation.framework; path = System/Library/Frameworks/CoreLocation.framework; sourceTree = SDKROOT; };
		2B85C1DF19DC522100C58CFB /* libz.dylib */ = {isa = PBXFileReference; lastKnownFileType = "compiled.mach-o.dylib"; name = libz.dylib; path = usr/lib/libz.dylib; sourceTree = SDKROOT; };
		2B85C1E119DC522700C58CFB /* MobileCoreServices.framework */ = {isa = PBXFileReference; lastKnownFileType = wrapper.framework; name = MobileCoreServices.framework; path = System/Library/Frameworks/MobileCoreServices.framework; sourceTree = SDKROOT; };
		2B85C1E319DC522D00C58CFB /* QuartzCore.framework */ = {isa = PBXFileReference; lastKnownFileType = wrapper.framework; name = QuartzCore.framework; path = System/Library/Frameworks/QuartzCore.framework; sourceTree = SDKROOT; };
		2B85C1E519DC523200C58CFB /* Security.framework */ = {isa = PBXFileReference; lastKnownFileType = wrapper.framework; name = Security.framework; path = System/Library/Frameworks/Security.framework; sourceTree = SDKROOT; };
		2B85C1E719DC523600C58CFB /* StoreKit.framework */ = {isa = PBXFileReference; lastKnownFileType = wrapper.framework; name = StoreKit.framework; path = System/Library/Frameworks/StoreKit.framework; sourceTree = SDKROOT; };
		2B85C1E919DC523C00C58CFB /* SystemConfiguration.framework */ = {isa = PBXFileReference; lastKnownFileType = wrapper.framework; name = SystemConfiguration.framework; path = System/Library/Frameworks/SystemConfiguration.framework; sourceTree = SDKROOT; };
		2B85C1ED19DC540B00C58CFB /* Bolts.framework */ = {isa = PBXFileReference; lastKnownFileType = wrapper.framework; path = Bolts.framework; sourceTree = "<group>"; };
		2BB213E2199747F300678607 /* WVGroundNode.h */ = {isa = PBXFileReference; fileEncoding = 4; lastKnownFileType = sourcecode.c.h; path = WVGroundNode.h; sourceTree = "<group>"; };
		2BB213E3199747F300678607 /* WVGroundNode.m */ = {isa = PBXFileReference; fileEncoding = 4; lastKnownFileType = sourcecode.c.objc; path = WVGroundNode.m; sourceTree = "<group>"; };
		2BC0E93C199523EA00F8369E /* WVMolotovCocktailNode.h */ = {isa = PBXFileReference; fileEncoding = 4; lastKnownFileType = sourcecode.c.h; path = WVMolotovCocktailNode.h; sourceTree = "<group>"; };
		2BC0E93D199523EA00F8369E /* WVMolotovCocktailNode.m */ = {isa = PBXFileReference; fileEncoding = 4; lastKnownFileType = sourcecode.c.objc; path = WVMolotovCocktailNode.m; sourceTree = "<group>"; };
		2BC0E94119955F1B00F8369E /* WVMolotovCharacterNode.h */ = {isa = PBXFileReference; fileEncoding = 4; lastKnownFileType = sourcecode.c.h; path = WVMolotovCharacterNode.h; sourceTree = "<group>"; };
		2BC0E94219955F1B00F8369E /* WVMolotovCharacterNode.m */ = {isa = PBXFileReference; fileEncoding = 4; lastKnownFileType = sourcecode.c.objc; path = WVMolotovCharacterNode.m; sourceTree = "<group>"; };
		2BC7103919A67E2800879CA6 /* WVHudNode.h */ = {isa = PBXFileReference; fileEncoding = 4; lastKnownFileType = sourcecode.c.h; path = WVHudNode.h; sourceTree = "<group>"; };
		2BC7103A19A67E2800879CA6 /* WVHudNode.m */ = {isa = PBXFileReference; fileEncoding = 4; lastKnownFileType = sourcecode.c.objc; path = WVHudNode.m; sourceTree = "<group>"; };
		2BD0980719DBBBFF008DE598 /* WVAmmoNode.h */ = {isa = PBXFileReference; fileEncoding = 4; lastKnownFileType = sourcecode.c.h; path = WVAmmoNode.h; sourceTree = "<group>"; };
		2BD0980819DBBBFF008DE598 /* WVAmmoNode.m */ = {isa = PBXFileReference; fileEncoding = 4; lastKnownFileType = sourcecode.c.objc; path = WVAmmoNode.m; sourceTree = "<group>"; };
		2BD211B819AF7CE2006FAFCE /* CoreMotion.framework */ = {isa = PBXFileReference; lastKnownFileType = wrapper.framework; name = CoreMotion.framework; path = System/Library/Frameworks/CoreMotion.framework; sourceTree = SDKROOT; };
/* End PBXFileReference section */

/* Begin PBXFrameworksBuildPhase section */
		2B43B0D219942F4F00BF05FE /* Frameworks */ = {
			isa = PBXFrameworksBuildPhase;
			buildActionMask = 2147483647;
			files = (
				2B85C1D819DC51E000C58CFB /* Parse.framework in Frameworks */,
				2B43B0DF19942F4F00BF05FE /* SpriteKit.framework in Frameworks */,
				2B85C1EE19DC540B00C58CFB /* Bolts.framework in Frameworks */,
				2B85C1EA19DC523C00C58CFB /* SystemConfiguration.framework in Frameworks */,
				2B85C1E819DC523600C58CFB /* StoreKit.framework in Frameworks */,
				2B85C1E619DC523200C58CFB /* Security.framework in Frameworks */,
				2B85C1E419DC522D00C58CFB /* QuartzCore.framework in Frameworks */,
				2B85C1E219DC522700C58CFB /* MobileCoreServices.framework in Frameworks */,
				2B85C1E019DC522100C58CFB /* libz.dylib in Frameworks */,
				2B85C1DE19DC521500C58CFB /* CoreLocation.framework in Frameworks */,
				2B43B0DB19942F4F00BF05FE /* CoreGraphics.framework in Frameworks */,
				2B85C1DC19DC520700C58CFB /* CFNetwork.framework in Frameworks */,
				2B85C1DA19DC520200C58CFB /* AudioToolbox.framework in Frameworks */,
				2BD211B919AF7CE2006FAFCE /* CoreMotion.framework in Frameworks */,
				2B43B0DD19942F4F00BF05FE /* UIKit.framework in Frameworks */,
				2B43B0D919942F4F00BF05FE /* Foundation.framework in Frameworks */,
			);
			runOnlyForDeploymentPostprocessing = 0;
		};
		2B43B0FA19942F4F00BF05FE /* Frameworks */ = {
			isa = PBXFrameworksBuildPhase;
			buildActionMask = 2147483647;
			files = (
				2B43B0FF19942F4F00BF05FE /* XCTest.framework in Frameworks */,
				2B43B10119942F4F00BF05FE /* UIKit.framework in Frameworks */,
				2B43B10019942F4F00BF05FE /* Foundation.framework in Frameworks */,
			);
			runOnlyForDeploymentPostprocessing = 0;
		};
/* End PBXFrameworksBuildPhase section */

/* Begin PBXGroup section */
		2B43B0CC19942F4F00BF05FE = {
			isa = PBXGroup;
			children = (
				2B43B0E019942F4F00BF05FE /* MolotovCocktail */,
				2B43B10419942F4F00BF05FE /* MolotovCocktailTests */,
				2B43B0D719942F4F00BF05FE /* Frameworks */,
				2B43B0D619942F4F00BF05FE /* Products */,
			);
			sourceTree = "<group>";
		};
		2B43B0D619942F4F00BF05FE /* Products */ = {
			isa = PBXGroup;
			children = (
				2B43B0D519942F4F00BF05FE /* MolotovCocktail.app */,
				2B43B0FD19942F4F00BF05FE /* MolotovCocktailTests.xctest */,
			);
			name = Products;
			sourceTree = "<group>";
		};
		2B43B0D719942F4F00BF05FE /* Frameworks */ = {
			isa = PBXGroup;
			children = (
				2B85C1ED19DC540B00C58CFB /* Bolts.framework */,
				2B85C1E919DC523C00C58CFB /* SystemConfiguration.framework */,
				2B85C1E719DC523600C58CFB /* StoreKit.framework */,
				2B85C1E519DC523200C58CFB /* Security.framework */,
				2B85C1E319DC522D00C58CFB /* QuartzCore.framework */,
				2B85C1E119DC522700C58CFB /* MobileCoreServices.framework */,
				2B85C1DF19DC522100C58CFB /* libz.dylib */,
				2B85C1DD19DC521500C58CFB /* CoreLocation.framework */,
				2B85C1DB19DC520700C58CFB /* CFNetwork.framework */,
				2B85C1D919DC520200C58CFB /* AudioToolbox.framework */,
				2B85C1D719DC51E000C58CFB /* Parse.framework */,
				2BD211B819AF7CE2006FAFCE /* CoreMotion.framework */,
				2B43B0D819942F4F00BF05FE /* Foundation.framework */,
				2B43B0DA19942F4F00BF05FE /* CoreGraphics.framework */,
				2B43B0DC19942F4F00BF05FE /* UIKit.framework */,
				2B43B0DE19942F4F00BF05FE /* SpriteKit.framework */,
				2B43B0FE19942F4F00BF05FE /* XCTest.framework */,
			);
			name = Frameworks;
			sourceTree = "<group>";
		};
		2B43B0E019942F4F00BF05FE /* MolotovCocktail */ = {
			isa = PBXGroup;
			children = (
				2B748FF019E611E3008CC3B7 /* Astroid.atlas */,
				2B38960219AF6F790086E193 /* Molotov_Walking.atlas */,
				2B7583931997FA0A00BBC6DE /* Debris.atlas */,
				2B7583911997F8C600BBC6DE /* Sprite.atlas */,
				2B4B113519966481001C38CF /* Boom.atlas */,
				2B43B0E919942F4F00BF05FE /* WVAppDelegate.h */,
				2B43B0EA19942F4F00BF05FE /* WVAppDelegate.m */,
				2B43B0EC19942F4F00BF05FE /* Main.storyboard */,
				2B43B0EF19942F4F00BF05FE /* WVViewController.h */,
				2B43B0F019942F4F00BF05FE /* WVViewController.m */,
				2B4B113819973665001C38CF /* WVUtil.h */,
				2B4B113919973665001C38CF /* WVUtil.m */,
				2B4E161D19ECF39800D13EA3 /* WVCustomButton.h */,
				2B4E161E19ECF39800D13EA3 /* WVCustomButton.m */,
				2B4E161B19ECF12300D13EA3 /* Scene */,
				2B43B0F719942F4F00BF05FE /* Images.xcassets */,
				2B43B0E119942F4F00BF05FE /* Supporting Files */,
				2B4E161A19ECF07600D13EA3 /* Objects */,
			);
			path = MolotovCocktail;
			sourceTree = "<group>";
		};
		2B43B0E119942F4F00BF05FE /* Supporting Files */ = {
			isa = PBXGroup;
			children = (
				2B43B0E219942F4F00BF05FE /* MolotovCocktail-Info.plist */,
				2B43B0E319942F4F00BF05FE /* InfoPlist.strings */,
				2B43B0E619942F4F00BF05FE /* main.m */,
				2B43B0E819942F4F00BF05FE /* MolotovCocktail-Prefix.pch */,
			);
			name = "Supporting Files";
			sourceTree = "<group>";
		};
		2B43B10419942F4F00BF05FE /* MolotovCocktailTests */ = {
			isa = PBXGroup;
			children = (
				2B43B10A19942F4F00BF05FE /* MolotovCocktailTests.m */,
				2B43B10519942F4F00BF05FE /* Supporting Files */,
			);
			path = MolotovCocktailTests;
			sourceTree = "<group>";
		};
		2B43B10519942F4F00BF05FE /* Supporting Files */ = {
			isa = PBXGroup;
			children = (
				2B43B10619942F4F00BF05FE /* MolotovCocktailTests-Info.plist */,
				2B43B10719942F4F00BF05FE /* InfoPlist.strings */,
			);
			name = "Supporting Files";
			sourceTree = "<group>";
		};
		2B4E161A19ECF07600D13EA3 /* Objects */ = {
			isa = PBXGroup;
			children = (
				2B4B1141199739AD001C38CF /* WVEnemyNode.h */,
				2B4B1142199739AD001C38CF /* WVEnemyNode.m */,
				2BD0980719DBBBFF008DE598 /* WVAmmoNode.h */,
				2BD0980819DBBBFF008DE598 /* WVAmmoNode.m */,
				2BC0E94119955F1B00F8369E /* WVMolotovCharacterNode.h */,
				2BC0E94219955F1B00F8369E /* WVMolotovCharacterNode.m */,
				2BC0E93C199523EA00F8369E /* WVMolotovCocktailNode.h */,
				2BC0E93D199523EA00F8369E /* WVMolotovCocktailNode.m */,
				2B4E161719ECE2E300D13EA3 /* WVBossNode.h */,
				2B4E161819ECE2E300D13EA3 /* WVBossNode.m */,
				2B4B113219966409001C38CF /* WVExplosionNode.h */,
				2B4B113319966409001C38CF /* WVExplosionNode.m */,
			);
			name = Objects;
			sourceTree = "<group>";
		};
		2B4E161B19ECF12300D13EA3 /* Scene */ = {
			isa = PBXGroup;
			children = (
				2B43B11419942FE700BF05FE /* WVTitleScene.h */,
				2B43B11519942FE700BF05FE /* WVTitleScene.m */,
				2B43B1171994302200BF05FE /* WVGamePlayScene.h */,
				2B43B1181994302200BF05FE /* WVGamePlayScene.m */,
				2B5B707619AE438B00A690DA /* WVGameOverNode.h */,
				2B5B707719AE438B00A690DA /* WVGameOverNode.m */,
				2BB213E2199747F300678607 /* WVGroundNode.h */,
				2BB213E3199747F300678607 /* WVGroundNode.m */,
				2BC7103919A67E2800879CA6 /* WVHudNode.h */,
				2BC7103A19A67E2800879CA6 /* WVHudNode.m */,
			);
			name = Scene;
			sourceTree = "<group>";
		};
/* End PBXGroup section */

/* Begin PBXNativeTarget section */
		2B43B0D419942F4F00BF05FE /* MolotovCocktail */ = {
			isa = PBXNativeTarget;
			buildConfigurationList = 2B43B10E19942F4F00BF05FE /* Build configuration list for PBXNativeTarget "MolotovCocktail" */;
			buildPhases = (
				2B43B0D119942F4F00BF05FE /* Sources */,
				2B43B0D219942F4F00BF05FE /* Frameworks */,
				2B43B0D319942F4F00BF05FE /* Resources */,
			);
			buildRules = (
			);
			dependencies = (
			);
			name = MolotovCocktail;
			productName = MolotovCocktail;
			productReference = 2B43B0D519942F4F00BF05FE /* MolotovCocktail.app */;
			productType = "com.apple.product-type.application";
		};
		2B43B0FC19942F4F00BF05FE /* MolotovCocktailTests */ = {
			isa = PBXNativeTarget;
			buildConfigurationList = 2B43B11119942F4F00BF05FE /* Build configuration list for PBXNativeTarget "MolotovCocktailTests" */;
			buildPhases = (
				2B43B0F919942F4F00BF05FE /* Sources */,
				2B43B0FA19942F4F00BF05FE /* Frameworks */,
				2B43B0FB19942F4F00BF05FE /* Resources */,
			);
			buildRules = (
			);
			dependencies = (
				2B43B10319942F4F00BF05FE /* PBXTargetDependency */,
			);
			name = MolotovCocktailTests;
			productName = MolotovCocktailTests;
			productReference = 2B43B0FD19942F4F00BF05FE /* MolotovCocktailTests.xctest */;
			productType = "com.apple.product-type.bundle.unit-test";
		};
/* End PBXNativeTarget section */

/* Begin PBXProject section */
		2B43B0CD19942F4F00BF05FE /* Project object */ = {
			isa = PBXProject;
			attributes = {
				CLASSPREFIX = WV;
				LastUpgradeCheck = 0510;
				ORGANIZATIONNAME = "Wesley Vance";
				TargetAttributes = {
					2B43B0FC19942F4F00BF05FE = {
						TestTargetID = 2B43B0D419942F4F00BF05FE;
					};
				};
			};
			buildConfigurationList = 2B43B0D019942F4F00BF05FE /* Build configuration list for PBXProject "MolotovCocktail" */;
			compatibilityVersion = "Xcode 3.2";
			developmentRegion = English;
			hasScannedForEncodings = 0;
			knownRegions = (
				en,
				Base,
			);
			mainGroup = 2B43B0CC19942F4F00BF05FE;
			productRefGroup = 2B43B0D619942F4F00BF05FE /* Products */;
			projectDirPath = "";
			projectRoot = "";
			targets = (
				2B43B0D419942F4F00BF05FE /* MolotovCocktail */,
				2B43B0FC19942F4F00BF05FE /* MolotovCocktailTests */,
			);
		};
/* End PBXProject section */

/* Begin PBXResourcesBuildPhase section */
		2B43B0D319942F4F00BF05FE /* Resources */ = {
			isa = PBXResourcesBuildPhase;
			buildActionMask = 2147483647;
			files = (
				2B43B0E519942F4F00BF05FE /* InfoPlist.strings in Resources */,
				2B43B0F819942F4F00BF05FE /* Images.xcassets in Resources */,
				2B4B113619966481001C38CF /* Boom.atlas in Resources */,
				2B38960319AF6F790086E193 /* Molotov_Walking.atlas in Resources */,
				2B43B0EE19942F4F00BF05FE /* Main.storyboard in Resources */,
				2B7583941997FA0A00BBC6DE /* Debris.atlas in Resources */,
				2B748FF119E611E3008CC3B7 /* Astroid.atlas in Resources */,
				2B7583921997F8C600BBC6DE /* Sprite.atlas in Resources */,
			);
			runOnlyForDeploymentPostprocessing = 0;
		};
		2B43B0FB19942F4F00BF05FE /* Resources */ = {
			isa = PBXResourcesBuildPhase;
			buildActionMask = 2147483647;
			files = (
				2B43B10919942F4F00BF05FE /* InfoPlist.strings in Resources */,
			);
			runOnlyForDeploymentPostprocessing = 0;
		};
/* End PBXResourcesBuildPhase section */

/* Begin PBXSourcesBuildPhase section */
		2B43B0D119942F4F00BF05FE /* Sources */ = {
			isa = PBXSourcesBuildPhase;
			buildActionMask = 2147483647;
			files = (
				2B4B113419966409001C38CF /* WVExplosionNode.m in Sources */,
				2B43B0E719942F4F00BF05FE /* main.m in Sources */,
				2B4B113A19973665001C38CF /* WVUtil.m in Sources */,
				2B4E161919ECE2E300D13EA3 /* WVBossNode.m in Sources */,
				2BC0E94319955F1B00F8369E /* WVMolotovCharacterNode.m in Sources */,
				2BD0980919DBBBFF008DE598 /* WVAmmoNode.m in Sources */,
				2BC0E93E199523EA00F8369E /* WVMolotovCocktailNode.m in Sources */,
				2B5B707819AE438B00A690DA /* WVGameOverNode.m in Sources */,
				2B43B0EB19942F4F00BF05FE /* WVAppDelegate.m in Sources */,
				2BC7103B19A67E2800879CA6 /* WVHudNode.m in Sources */,
				2B43B11619942FE700BF05FE /* WVTitleScene.m in Sources */,
				2B4B1143199739AD001C38CF /* WVEnemyNode.m in Sources */,
				2B43B0F119942F4F00BF05FE /* WVViewController.m in Sources */,
				2B43B1191994302200BF05FE /* WVGamePlayScene.m in Sources */,
				2BB213E4199747F300678607 /* WVGroundNode.m in Sources */,
				2B4E161F19ECF39800D13EA3 /* WVCustomButton.m in Sources */,
			);
			runOnlyForDeploymentPostprocessing = 0;
		};
		2B43B0F919942F4F00BF05FE /* Sources */ = {
			isa = PBXSourcesBuildPhase;
			buildActionMask = 2147483647;
			files = (
				2B43B10B19942F4F00BF05FE /* MolotovCocktailTests.m in Sources */,
			);
			runOnlyForDeploymentPostprocessing = 0;
		};
/* End PBXSourcesBuildPhase section */

/* Begin PBXTargetDependency section */
		2B43B10319942F4F00BF05FE /* PBXTargetDependency */ = {
			isa = PBXTargetDependency;
			target = 2B43B0D419942F4F00BF05FE /* MolotovCocktail */;
			targetProxy = 2B43B10219942F4F00BF05FE /* PBXContainerItemProxy */;
		};
/* End PBXTargetDependency section */

/* Begin PBXVariantGroup section */
		2B43B0E319942F4F00BF05FE /* InfoPlist.strings */ = {
			isa = PBXVariantGroup;
			children = (
				2B43B0E419942F4F00BF05FE /* en */,
			);
			name = InfoPlist.strings;
			sourceTree = "<group>";
		};
		2B43B0EC19942F4F00BF05FE /* Main.storyboard */ = {
			isa = PBXVariantGroup;
			children = (
				2B43B0ED19942F4F00BF05FE /* Base */,
			);
			name = Main.storyboard;
			sourceTree = "<group>";
		};
		2B43B10719942F4F00BF05FE /* InfoPlist.strings */ = {
			isa = PBXVariantGroup;
			children = (
				2B43B10819942F4F00BF05FE /* en */,
			);
			name = InfoPlist.strings;
			sourceTree = "<group>";
		};
/* End PBXVariantGroup section */

/* Begin XCBuildConfiguration section */
		2B43B10C19942F4F00BF05FE /* Debug */ = {
			isa = XCBuildConfiguration;
			buildSettings = {
				ALWAYS_SEARCH_USER_PATHS = NO;
				CLANG_CXX_LANGUAGE_STANDARD = "gnu++0x";
				CLANG_CXX_LIBRARY = "libc++";
				CLANG_ENABLE_MODULES = YES;
				CLANG_ENABLE_OBJC_ARC = YES;
				CLANG_WARN_BOOL_CONVERSION = YES;
				CLANG_WARN_CONSTANT_CONVERSION = YES;
				CLANG_WARN_DIRECT_OBJC_ISA_USAGE = YES_ERROR;
				CLANG_WARN_EMPTY_BODY = YES;
				CLANG_WARN_ENUM_CONVERSION = YES;
				CLANG_WARN_INT_CONVERSION = YES;
				CLANG_WARN_OBJC_ROOT_CLASS = YES_ERROR;
				CLANG_WARN__DUPLICATE_METHOD_MATCH = YES;
				"CODE_SIGN_IDENTITY[sdk=iphoneos*]" = "iPhone Developer";
				COPY_PHASE_STRIP = NO;
				GCC_C_LANGUAGE_STANDARD = gnu99;
				GCC_DYNAMIC_NO_PIC = NO;
				GCC_OPTIMIZATION_LEVEL = 0;
				GCC_PREPROCESSOR_DEFINITIONS = (
					"DEBUG=1",
					"$(inherited)",
				);
				GCC_SYMBOLS_PRIVATE_EXTERN = NO;
				GCC_WARN_64_TO_32_BIT_CONVERSION = YES;
				GCC_WARN_ABOUT_RETURN_TYPE = YES_ERROR;
				GCC_WARN_UNDECLARED_SELECTOR = YES;
				GCC_WARN_UNINITIALIZED_AUTOS = YES_AGGRESSIVE;
				GCC_WARN_UNUSED_FUNCTION = YES;
				GCC_WARN_UNUSED_VARIABLE = YES;
				IPHONEOS_DEPLOYMENT_TARGET = 7.1;
				ONLY_ACTIVE_ARCH = YES;
				SDKROOT = iphoneos;
			};
			name = Debug;
		};
		2B43B10D19942F4F00BF05FE /* Release */ = {
			isa = XCBuildConfiguration;
			buildSettings = {
				ALWAYS_SEARCH_USER_PATHS = NO;
				CLANG_CXX_LANGUAGE_STANDARD = "gnu++0x";
				CLANG_CXX_LIBRARY = "libc++";
				CLANG_ENABLE_MODULES = YES;
				CLANG_ENABLE_OBJC_ARC = YES;
				CLANG_WARN_BOOL_CONVERSION = YES;
				CLANG_WARN_CONSTANT_CONVERSION = YES;
				CLANG_WARN_DIRECT_OBJC_ISA_USAGE = YES_ERROR;
				CLANG_WARN_EMPTY_BODY = YES;
				CLANG_WARN_ENUM_CONVERSION = YES;
				CLANG_WARN_INT_CONVERSION = YES;
				CLANG_WARN_OBJC_ROOT_CLASS = YES_ERROR;
				CLANG_WARN__DUPLICATE_METHOD_MATCH = YES;
				"CODE_SIGN_IDENTITY[sdk=iphoneos*]" = "iPhone Developer";
				COPY_PHASE_STRIP = YES;
				ENABLE_NS_ASSERTIONS = NO;
				GCC_C_LANGUAGE_STANDARD = gnu99;
				GCC_WARN_64_TO_32_BIT_CONVERSION = YES;
				GCC_WARN_ABOUT_RETURN_TYPE = YES_ERROR;
				GCC_WARN_UNDECLARED_SELECTOR = YES;
				GCC_WARN_UNINITIALIZED_AUTOS = YES_AGGRESSIVE;
				GCC_WARN_UNUSED_FUNCTION = YES;
				GCC_WARN_UNUSED_VARIABLE = YES;
				IPHONEOS_DEPLOYMENT_TARGET = 7.1;
				SDKROOT = iphoneos;
				VALIDATE_PRODUCT = YES;
			};
			name = Release;
		};
		2B43B10F19942F4F00BF05FE /* Debug */ = {
			isa = XCBuildConfiguration;
			buildSettings = {
				ASSETCATALOG_COMPILER_APPICON_NAME = AppIcon;
				ASSETCATALOG_COMPILER_LAUNCHIMAGE_NAME = LaunchImage;
				FRAMEWORK_SEARCH_PATHS = (
					"$(inherited)",
					"$(PROJECT_DIR)",
					"/Users/Wesley/Downloads/parse-library-1",
				);
				GCC_PRECOMPILE_PREFIX_HEADER = YES;
				GCC_PREFIX_HEADER = "MolotovCocktail/MolotovCocktail-Prefix.pch";
				INFOPLIST_FILE = "MolotovCocktail/MolotovCocktail-Info.plist";
				PRODUCT_NAME = "$(TARGET_NAME)";
				SPRITEKIT_TEXTURE_ATLAS_OUTPUT = YES;
				WRAPPER_EXTENSION = app;
			};
			name = Debug;
		};
		2B43B11019942F4F00BF05FE /* Release */ = {
			isa = XCBuildConfiguration;
			buildSettings = {
				ASSETCATALOG_COMPILER_APPICON_NAME = AppIcon;
				ASSETCATALOG_COMPILER_LAUNCHIMAGE_NAME = LaunchImage;
				FRAMEWORK_SEARCH_PATHS = (
					"$(inherited)",
					"$(PROJECT_DIR)",
					"/Users/Wesley/Downloads/parse-library-1",
				);
				GCC_PRECOMPILE_PREFIX_HEADER = YES;
				GCC_PREFIX_HEADER = "MolotovCocktail/MolotovCocktail-Prefix.pch";
				INFOPLIST_FILE = "MolotovCocktail/MolotovCocktail-Info.plist";
				PRODUCT_NAME = "$(TARGET_NAME)";
				SPRITEKIT_TEXTURE_ATLAS_OUTPUT = YES;
				WRAPPER_EXTENSION = app;
			};
			name = Release;
		};
		2B43B11219942F4F00BF05FE /* Debug */ = {
			isa = XCBuildConfiguration;
			buildSettings = {
				BUNDLE_LOADER = "$(BUILT_PRODUCTS_DIR)/MolotovCocktail.app/MolotovCocktail";
				FRAMEWORK_SEARCH_PATHS = (
					"$(SDKROOT)/Developer/Library/Frameworks",
					"$(inherited)",
					"$(DEVELOPER_FRAMEWORKS_DIR)",
				);
				GCC_PRECOMPILE_PREFIX_HEADER = YES;
				GCC_PREFIX_HEADER = "MolotovCocktail/MolotovCocktail-Prefix.pch";
				GCC_PREPROCESSOR_DEFINITIONS = (
					"DEBUG=1",
					"$(inherited)",
				);
				INFOPLIST_FILE = "MolotovCocktailTests/MolotovCocktailTests-Info.plist";
				PRODUCT_NAME = "$(TARGET_NAME)";
				TEST_HOST = "$(BUNDLE_LOADER)";
				WRAPPER_EXTENSION = xctest;
			};
			name = Debug;
		};
		2B43B11319942F4F00BF05FE /* Release */ = {
			isa = XCBuildConfiguration;
			buildSettings = {
				BUNDLE_LOADER = "$(BUILT_PRODUCTS_DIR)/MolotovCocktail.app/MolotovCocktail";
				FRAMEWORK_SEARCH_PATHS = (
					"$(SDKROOT)/Developer/Library/Frameworks",
					"$(inherited)",
					"$(DEVELOPER_FRAMEWORKS_DIR)",
				);
				GCC_PRECOMPILE_PREFIX_HEADER = YES;
				GCC_PREFIX_HEADER = "MolotovCocktail/MolotovCocktail-Prefix.pch";
				INFOPLIST_FILE = "MolotovCocktailTests/MolotovCocktailTests-Info.plist";
				PRODUCT_NAME = "$(TARGET_NAME)";
				TEST_HOST = "$(BUNDLE_LOADER)";
				WRAPPER_EXTENSION = xctest;
			};
			name = Release;
		};
/* End XCBuildConfiguration section */

/* Begin XCConfigurationList section */
		2B43B0D019942F4F00BF05FE /* Build configuration list for PBXProject "MolotovCocktail" */ = {
			isa = XCConfigurationList;
			buildConfigurations = (
				2B43B10C19942F4F00BF05FE /* Debug */,
				2B43B10D19942F4F00BF05FE /* Release */,
			);
			defaultConfigurationIsVisible = 0;
			defaultConfigurationName = Release;
		};
		2B43B10E19942F4F00BF05FE /* Build configuration list for PBXNativeTarget "MolotovCocktail" */ = {
			isa = XCConfigurationList;
			buildConfigurations = (
				2B43B10F19942F4F00BF05FE /* Debug */,
				2B43B11019942F4F00BF05FE /* Release */,
			);
			defaultConfigurationIsVisible = 0;
			defaultConfigurationName = Release;
		};
		2B43B11119942F4F00BF05FE /* Build configuration list for PBXNativeTarget "MolotovCocktailTests" */ = {
			isa = XCConfigurationList;
			buildConfigurations = (
				2B43B11219942F4F00BF05FE /* Debug */,
				2B43B11319942F4F00BF05FE /* Release */,
			);
			defaultConfigurationIsVisible = 0;
			defaultConfigurationName = Release;
		};
/* End XCConfigurationList section */
	};
	rootObject = 2B43B0CD19942F4F00BF05FE /* Project object */;
}
